
Microsoft Visual Studio Solution File, Format Version 12.00
# Visual Studio Version 17
VisualStudioVersion = 17.4.33205.214
MinimumVisualStudioVersion = 10.0.40219.1
Project("{8BC9CEB8-8B4A-11D0-8D11-00A0C91BC942}") = "TrivialTestKit", "TrivialTestKit.vcxproj", "{1DA5CBAC-7774-4817-B427-33DBEE7399FF}"
EndProject
Project("{8BC9CEB8-8B4A-11D0-8D11-00A0C91BC942}") = "TrivialTestKit_Test", "TrivialTestKit_Test\TrivialTestKit_Test.vcxproj", "{7C3D24A3-16DE-4B6A-A550-19DA0040B340}"
	ProjectSection(ProjectDependencies) = postProject
		{1DA5CBAC-7774-4817-B427-33DBEE7399FF} = {1DA5CBAC-7774-4817-B427-33DBEE7399FF}
	EndProjectSection
EndProject
Project("{8BC9CEB8-8B4A-11D0-8D11-00A0C91BC942}") = "TrivialTestKit_Example", "TrivialTestKit_Example\TrivialTestKit_Example.vcxproj", "{BE14BC0D-E336-4257-8C72-BBC5D6893C69}"
	ProjectSection(ProjectDependencies) = postProject
		{1DA5CBAC-7774-4817-B427-33DBEE7399FF} = {1DA5CBAC-7774-4817-B427-33DBEE7399FF}
	EndProjectSection
EndProject
Project("{8BC9CEB8-8B4A-11D0-8D11-00A0C91BC942}") = "TrivialTestKit_ExampleInPlace", "TrivialTestKit_ExampleInPlace\TrivialTestKit_ExampleInPlace.vcxproj", "{7B43B72C-154C-4873-AFFD-17A15F3D5772}"
	ProjectSection(ProjectDependencies) = postProject
		{1DA5CBAC-7774-4817-B427-33DBEE7399FF} = {1DA5CBAC-7774-4817-B427-33DBEE7399FF}
	EndProjectSection
EndProject
Project("{2150E333-8FDC-42A3-9474-1A3956D46DE8}") = "Examples", "Examples", "{3E314C2A-1843-497B-B1F1-A6CFADEBE222}"
EndProject
Global
	GlobalSection(SolutionConfigurationPlatforms) = preSolution
		Debug|x64 = Debug|x64
		Debug|x86 = Debug|x86
		DebugWIDE|x64 = DebugWIDE|x64
		DebugWIDE|x86 = DebugWIDE|x86
		Release|x64 = Release|x64
		Release|x86 = Release|x86
		ReleaseWIDE|x64 = ReleaseWIDE|x64
		ReleaseWIDE|x86 = ReleaseWIDE|x86
	EndGlobalSection
	GlobalSection(ProjectConfigurationPlatforms) = postSolution
		{1DA5CBAC-7774-4817-B427-33DBEE7399FF}.Debug|x64.ActiveCfg = Debug|x64
		{1DA5CBAC-7774-4817-B427-33DBEE7399FF}.Debug|x64.Build.0 = Debug|x64
		{1DA5CBAC-7774-4817-B427-33DBEE7399FF}.Debug|x86.ActiveCfg = Debug|Win32
		{1DA5CBAC-7774-4817-B427-33DBEE7399FF}.Debug|x86.Build.0 = Debug|Win32
		{1DA5CBAC-7774-4817-B427-33DBEE7399FF}.DebugWIDE|x64.ActiveCfg = DebugWIDE|x64
		{1DA5CBAC-7774-4817-B427-33DBEE7399FF}.DebugWIDE|x64.Build.0 = DebugWIDE|x64
		{1DA5CBAC-7774-4817-B427-33DBEE7399FF}.DebugWIDE|x86.ActiveCfg = DebugWIDE|Win32
		{1DA5CBAC-7774-4817-B427-33DBEE7399FF}.DebugWIDE|x86.Build.0 = DebugWIDE|Win32
		{1DA5CBAC-7774-4817-B427-33DBEE7399FF}.Release|x64.ActiveCfg = Release|x64
		{1DA5CBAC-7774-4817-B427-33DBEE7399FF}.Release|x64.Build.0 = Release|x64
		{1DA5CBAC-7774-4817-B427-33DBEE7399FF}.Release|x86.ActiveCfg = Release|Win32
		{1DA5CBAC-7774-4817-B427-33DBEE7399FF}.Release|x86.Build.0 = Release|Win32
		{1DA5CBAC-7774-4817-B427-33DBEE7399FF}.ReleaseWIDE|x64.ActiveCfg = ReleaseWIDE|x64
		{1DA5CBAC-7774-4817-B427-33DBEE7399FF}.ReleaseWIDE|x64.Build.0 = ReleaseWIDE|x64
		{1DA5CBAC-7774-4817-B427-33DBEE7399FF}.ReleaseWIDE|x86.ActiveCfg = ReleaseWIDE|Win32
		{1DA5CBAC-7774-4817-B427-33DBEE7399FF}.ReleaseWIDE|x86.Build.0 = ReleaseWIDE|Win32
		{7C3D24A3-16DE-4B6A-A550-19DA0040B340}.Debug|x64.ActiveCfg = Debug|x64
		{7C3D24A3-16DE-4B6A-A550-19DA0040B340}.Debug|x64.Build.0 = Debug|x64
		{7C3D24A3-16DE-4B6A-A550-19DA0040B340}.Debug|x86.ActiveCfg = Debug|Win32
		{7C3D24A3-16DE-4B6A-A550-19DA0040B340}.Debug|x86.Build.0 = Debug|Win32
		{7C3D24A3-16DE-4B6A-A550-19DA0040B340}.DebugWIDE|x64.ActiveCfg = DebugWIDE|x64
		{7C3D24A3-16DE-4B6A-A550-19DA0040B340}.DebugWIDE|x64.Build.0 = DebugWIDE|x64
		{7C3D24A3-16DE-4B6A-A550-19DA0040B340}.DebugWIDE|x86.ActiveCfg = DebugWIDE|Win32
		{7C3D24A3-16DE-4B6A-A550-19DA0040B340}.DebugWIDE|x86.Build.0 = DebugWIDE|Win32
		{7C3D24A3-16DE-4B6A-A550-19DA0040B340}.Release|x64.ActiveCfg = Release|x64
		{7C3D24A3-16DE-4B6A-A550-19DA0040B340}.Release|x64.Build.0 = Release|x64
		{7C3D24A3-16DE-4B6A-A550-19DA0040B340}.Release|x86.ActiveCfg = Release|Win32
		{7C3D24A3-16DE-4B6A-A550-19DA0040B340}.Release|x86.Build.0 = Release|Win32
		{7C3D24A3-16DE-4B6A-A550-19DA0040B340}.ReleaseWIDE|x64.ActiveCfg = ReleaseWIDE|x64
		{7C3D24A3-16DE-4B6A-A550-19DA0040B340}.ReleaseWIDE|x64.Build.0 = ReleaseWIDE|x64
		{7C3D24A3-16DE-4B6A-A550-19DA0040B340}.ReleaseWIDE|x86.ActiveCfg = ReleaseWIDE|Win32
		{7C3D24A3-16DE-4B6A-A550-19DA0040B340}.ReleaseWIDE|x86.Build.0 = ReleaseWIDE|Win32
		{BE14BC0D-E336-4257-8C72-BBC5D6893C69}.Debug|x64.ActiveCfg = Debug|x64
		{BE14BC0D-E336-4257-8C72-BBC5D6893C69}.Debug|x64.Build.0 = Debug|x64
		{BE14BC0D-E336-4257-8C72-BBC5D6893C69}.Debug|x86.ActiveCfg = Debug|Win32
		{BE14BC0D-E336-4257-8C72-BBC5D6893C69}.Debug|x86.Build.0 = Debug|Win32
		{BE14BC0D-E336-4257-8C72-BBC5D6893C69}.DebugWIDE|x64.ActiveCfg = DebugWIDE|x64
		{BE14BC0D-E336-4257-8C72-BBC5D6893C69}.DebugWIDE|x64.Build.0 = DebugWIDE|x64
		{BE14BC0D-E336-4257-8C72-BBC5D6893C69}.DebugWIDE|x86.ActiveCfg = DebugWIDE|Win32
		{BE14BC0D-E336-4257-8C72-BBC5D6893C69}.DebugWIDE|x86.Build.0 = DebugWIDE|Win32
		{BE14BC0D-E336-4257-8C72-BBC5D6893C69}.Release|x64.ActiveCfg = Release|x64
		{BE14BC0D-E336-4257-8C72-BBC5D6893C69}.Release|x64.Build.0 = Release|x64
		{BE14BC0D-E336-4257-8C72-BBC5D6893C69}.Release|x86.ActiveCfg = Release|Win32
		{BE14BC0D-E336-4257-8C72-BBC5D6893C69}.Release|x86.Build.0 = Release|Win32
		{BE14BC0D-E336-4257-8C72-BBC5D6893C69}.ReleaseWIDE|x64.ActiveCfg = ReleaseWIDE|x64
		{BE14BC0D-E336-4257-8C72-BBC5D6893C69}.ReleaseWIDE|x64.Build.0 = ReleaseWIDE|x64
		{BE14BC0D-E336-4257-8C72-BBC5D6893C69}.ReleaseWIDE|x86.ActiveCfg = ReleaseWIDE|Win32
		{BE14BC0D-E336-4257-8C72-BBC5D6893C69}.ReleaseWIDE|x86.Build.0 = ReleaseWIDE|Win32
		{7B43B72C-154C-4873-AFFD-17A15F3D5772}.Debug|x64.ActiveCfg = Debug|x64
		{7B43B72C-154C-4873-AFFD-17A15F3D5772}.Debug|x64.Build.0 = Debug|x64
		{7B43B72C-154C-4873-AFFD-17A15F3D5772}.Debug|x86.ActiveCfg = Debug|Win32
		{7B43B72C-154C-4873-AFFD-17A15F3D5772}.Debug|x86.Build.0 = Debug|Win32
		{7B43B72C-154C-4873-AFFD-17A15F3D5772}.DebugWIDE|x64.ActiveCfg = Debug|x64
		{7B43B72C-154C-4873-AFFD-17A15F3D5772}.DebugWIDE|x64.Build.0 = Debug|x64
		{7B43B72C-154C-4873-AFFD-17A15F3D5772}.DebugWIDE|x86.ActiveCfg = Debug|Win32
		{7B43B72C-154C-4873-AFFD-17A15F3D5772}.DebugWIDE|x86.Build.0 = Debug|Win32
		{7B43B72C-154C-4873-AFFD-17A15F3D5772}.Release|x64.ActiveCfg = Release|x64
		{7B43B72C-154C-4873-AFFD-17A15F3D5772}.Release|x64.Build.0 = Release|x64
		{7B43B72C-154C-4873-AFFD-17A15F3D5772}.Release|x86.ActiveCfg = Release|Win32
		{7B43B72C-154C-4873-AFFD-17A15F3D5772}.Release|x86.Build.0 = Release|Win32
		{7B43B72C-154C-4873-AFFD-17A15F3D5772}.ReleaseWIDE|x64.ActiveCfg = Release|x64
		{7B43B72C-154C-4873-AFFD-17A15F3D5772}.ReleaseWIDE|x64.Build.0 = Release|x64
		{7B43B72C-154C-4873-AFFD-17A15F3D5772}.ReleaseWIDE|x86.ActiveCfg = Release|Win32
		{7B43B72C-154C-4873-AFFD-17A15F3D5772}.ReleaseWIDE|x86.Build.0 = Release|Win32
	EndGlobalSection
	GlobalSection(SolutionProperties) = preSolution
		HideSolutionNode = FALSE
	EndGlobalSection
	GlobalSection(NestedProjects) = preSolution
		{BE14BC0D-E336-4257-8C72-BBC5D6893C69} = {3E314C2A-1843-497B-B1F1-A6CFADEBE222}
		{7B43B72C-154C-4873-AFFD-17A15F3D5772} = {3E314C2A-1843-497B-B1F1-A6CFADEBE222}
	EndGlobalSection
	GlobalSection(ExtensibilityGlobals) = postSolution
		SolutionGuid = {0233A0E6-3C29-412F-922C-10A72C6D818E}
	EndGlobalSection
EndGlobal
